{
  "name": "@cloudengines/cerbac",
  "version": "1.0.0",
  "lockfileVersion": 2,
  "requires": true,
  "packages": {
    "": {
      "name": "@cloudengines/cerbac",
      "version": "1.0.0",
      "license": "Apache-2.0",
      "dependencies": {
        "@cloudengines/ceutil": "^1.0.2",
        "debug": "^4.3.4"
      }
    },
    "node_modules/@cloudengines/ceutil": {
      "version": "1.0.2",
      "resolved": "https://registry.npmjs.org/@cloudengines/ceutil/-/ceutil-1.0.2.tgz",
      "integrity": "sha512-MN66ThABmQfjENLg27nOFlxx3XU0YYPV3JZ9PuKEQmhysHJPC9dAr0Y6ChlSSnZHNZZ3oQQcBx6ta9+XY4KvAQ==",
      "dependencies": {
        "debug": "^4.3.4"
      }
    },
    "node_modules/debug": {
      "version": "4.3.4",
      "resolved": "https://registry.npmjs.org/debug/-/debug-4.3.4.tgz",
      "integrity": "sha512-PRWFHuSU3eDtQJPvnNY7Jcket1j0t5OuOsFzPPzsekD52Zl8qUfFIPEiswXqIvHWGVHOgX+7G/vCNNhehwxfkQ==",
      "dependencies": {
        "ms": "2.1.2"
      },
      "engines": {
        "node": ">=6.0"
      },
      "peerDependenciesMeta": {
        "supports-color": {
          "optional": true
        }
      }
    },
    "node_modules/ms": {
      "version": "2.1.2",
      "resolved": "https://registry.npmjs.org/ms/-/ms-2.1.2.tgz",
      "integrity": "sha512-sGkPx+VjMtmA6MX27oA4FBFELFCZZ4S4XqeGOXCv68tT+jb3vk/RyaKWP0PTKyWtmLSM0b+adUTEvbs1PEaH2w=="
    }
  },
  "dependencies": {
    "@cloudengines/ceutil": {
      "version": "1.0.2",
      "resolved": "https://registry.npmjs.org/@cloudengines/ceutil/-/ceutil-1.0.2.tgz",
      "integrity": "sha512-MN66ThABmQfjENLg27nOFlxx3XU0YYPV3JZ9PuKEQmhysHJPC9dAr0Y6ChlSSnZHNZZ3oQQcBx6ta9+XY4KvAQ==",
      "requires": {
        "debug": "^4.3.4"
      }
    },
    "debug": {
      "version": "4.3.4",
      "resolved": "https://registry.npmjs.org/debug/-/debug-4.3.4.tgz",
      "integrity": "sha512-PRWFHuSU3eDtQJPvnNY7Jcket1j0t5OuOsFzPPzsekD52Zl8qUfFIPEiswXqIvHWGVHOgX+7G/vCNNhehwxfkQ==",
      "requires": {
        "ms": "2.1.2"
      }
    },
    "ms": {
      "version": "2.1.2",
      "resolved": "https://registry.npmjs.org/ms/-/ms-2.1.2.tgz",
      "integrity": "sha512-sGkPx+VjMtmA6MX27oA4FBFELFCZZ4S4XqeGOXCv68tT+jb3vk/RyaKWP0PTKyWtmLSM0b+adUTEvbs1PEaH2w=="
    }
  }
}
